
Microsoft Visual Studio Solution File, Format Version 12.00
# Visual Studio Version 16
VisualStudioVersion = 16.0.30413.136
MinimumVisualStudioVersion = 10.0.40219.1
Project("{FAE04EC0-301F-11D3-BF4B-00C04F79EFBC}") = "DQ10ManagementTool", "DQ10ManagementTool\DQ10ManagementTool.csproj", "{F4773315-E936-4599-965E-8020F3487030}"
EndProject
Project("{FAE04EC0-301F-11D3-BF4B-00C04F79EFBC}") = "OCRClassLibrary", "OCRClassLibrary\OCRClassLibrary.csproj", "{8FFB4DE2-D683-4D5B-A1F9-FD795432BDC3}"
EndProject
Project("{FAE04EC0-301F-11D3-BF4B-00C04F79EFBC}") = "TestApp", "TestApp\TestApp.csproj", "{54AD48B3-6735-45A2-B5C2-28113AB1AB9B}"
EndProject
Project("{FAE04EC0-301F-11D3-BF4B-00C04F79EFBC}") = "ItemClassLibrary", "ItemClassLibrary\ItemClassLibrary.csproj", "{F82A0C7B-81EE-40D9-B31B-02FE831AFE33}"
EndProject
Global
	GlobalSection(SolutionConfigurationPlatforms) = preSolution
		Debug|Any CPU = Debug|Any CPU
		Release|Any CPU = Release|Any CPU
	EndGlobalSection
	GlobalSection(ProjectConfigurationPlatforms) = postSolution
		{F4773315-E936-4599-965E-8020F3487030}.Debug|Any CPU.ActiveCfg = Debug|Any CPU
		{F4773315-E936-4599-965E-8020F3487030}.Debug|Any CPU.Build.0 = Debug|Any CPU
		{F4773315-E936-4599-965E-8020F3487030}.Release|Any CPU.ActiveCfg = Release|Any CPU
		{F4773315-E936-4599-965E-8020F3487030}.Release|Any CPU.Build.0 = Release|Any CPU
		{8FFB4DE2-D683-4D5B-A1F9-FD795432BDC3}.Debug|Any CPU.ActiveCfg = Debug|Any CPU
		{8FFB4DE2-D683-4D5B-A1F9-FD795432BDC3}.Debug|Any CPU.Build.0 = Debug|Any CPU
		{8FFB4DE2-D683-4D5B-A1F9-FD795432BDC3}.Release|Any CPU.ActiveCfg = Release|Any CPU
		{8FFB4DE2-D683-4D5B-A1F9-FD795432BDC3}.Release|Any CPU.Build.0 = Release|Any CPU
		{54AD48B3-6735-45A2-B5C2-28113AB1AB9B}.Debug|Any CPU.ActiveCfg = Debug|Any CPU
		{54AD48B3-6735-45A2-B5C2-28113AB1AB9B}.Debug|Any CPU.Build.0 = Debug|Any CPU
		{54AD48B3-6735-45A2-B5C2-28113AB1AB9B}.Release|Any CPU.ActiveCfg = Release|Any CPU
		{54AD48B3-6735-45A2-B5C2-28113AB1AB9B}.Release|Any CPU.Build.0 = Release|Any CPU
		{F82A0C7B-81EE-40D9-B31B-02FE831AFE33}.Debug|Any CPU.ActiveCfg = Debug|Any CPU
		{F82A0C7B-81EE-40D9-B31B-02FE831AFE33}.Debug|Any CPU.Build.0 = Debug|Any CPU
		{F82A0C7B-81EE-40D9-B31B-02FE831AFE33}.Release|Any CPU.ActiveCfg = Release|Any CPU
		{F82A0C7B-81EE-40D9-B31B-02FE831AFE33}.Release|Any CPU.Build.0 = Release|Any CPU
	EndGlobalSection
	GlobalSection(SolutionProperties) = preSolution
		HideSolutionNode = FALSE
	EndGlobalSection
	GlobalSection(ExtensibilityGlobals) = postSolution
		SolutionGuid = {069D28F6-6A8B-430D-9390-B9083D280531}
	EndGlobalSection
EndGlobal
